
Microsoft Visual Studio Solution File, Format Version 10.00
# Visual Studio 2008
Project("{FAE04EC0-301F-11D3-BF4B-00C04F79EFBC}") = "Client", "Client\Client.csproj", "{1492FDD2-60F2-4500-9F5C-13A3D066ACA4}"
EndProject
Project("{FAE04EC0-301F-11D3-BF4B-00C04F79EFBC}") = "Contract", "Contract\Contract.csproj", "{8BAFE97A-298A-4B7D-A5A4-7B6420230C7F}"
EndProject
Project("{FAE04EC0-301F-11D3-BF4B-00C04F79EFBC}") = "Server", "Server\Server.csproj", "{D96B3537-A329-4799-966C-47AE47CBEC82}"
EndProject
Global
	GlobalSection(SolutionConfigurationPlatforms) = preSolution
		Debug|Any CPU = Debug|Any CPU
		Release|Any CPU = Release|Any CPU
	EndGlobalSection
	GlobalSection(ProjectConfigurationPlatforms) = postSolution
		{1492FDD2-60F2-4500-9F5C-13A3D066ACA4}.Debug|Any CPU.ActiveCfg = Debug|Any CPU
		{1492FDD2-60F2-4500-9F5C-13A3D066ACA4}.Debug|Any CPU.Build.0 = Debug|Any CPU
		{1492FDD2-60F2-4500-9F5C-13A3D066ACA4}.Release|Any CPU.ActiveCfg = Release|Any CPU
		{1492FDD2-60F2-4500-9F5C-13A3D066ACA4}.Release|Any CPU.Build.0 = Release|Any CPU
		{8BAFE97A-298A-4B7D-A5A4-7B6420230C7F}.Debug|Any CPU.ActiveCfg = Debug|Any CPU
		{8BAFE97A-298A-4B7D-A5A4-7B6420230C7F}.Debug|Any CPU.Build.0 = Debug|Any CPU
		{8BAFE97A-298A-4B7D-A5A4-7B6420230C7F}.Release|Any CPU.ActiveCfg = Release|Any CPU
		{8BAFE97A-298A-4B7D-A5A4-7B6420230C7F}.Release|Any CPU.Build.0 = Release|Any CPU
		{D96B3537-A329-4799-966C-47AE47CBEC82}.Debug|Any CPU.ActiveCfg = Debug|Any CPU
		{D96B3537-A329-4799-966C-47AE47CBEC82}.Debug|Any CPU.Build.0 = Debug|Any CPU
		{D96B3537-A329-4799-966C-47AE47CBEC82}.Release|Any CPU.ActiveCfg = Release|Any CPU
		{D96B3537-A329-4799-966C-47AE47CBEC82}.Release|Any CPU.Build.0 = Release|Any CPU
	EndGlobalSection
	GlobalSection(SolutionProperties) = preSolution
		HideSolutionNode = FALSE
	EndGlobalSection
EndGlobal
