
Microsoft Visual Studio Solution File, Format Version 11.00
# Visual Studio 2010
Project("{FAE04EC0-301F-11D3-BF4B-00C04F79EFBC}") = "WCF.Eventing.Client", "WCF.Eventing.Client\WCF.Eventing.Client.csproj", "{314EB728-E683-49D8-B8A3-4DD6BBB1447B}"
EndProject
Global
	GlobalSection(SolutionConfigurationPlatforms) = preSolution
		Debug|Any CPU = Debug|Any CPU
		Release|Any CPU = Release|Any CPU
	EndGlobalSection
	GlobalSection(ProjectConfigurationPlatforms) = postSolution
		{314EB728-E683-49D8-B8A3-4DD6BBB1447B}.Debug|Any CPU.ActiveCfg = Debug|Any CPU
		{314EB728-E683-49D8-B8A3-4DD6BBB1447B}.Debug|Any CPU.Build.0 = Debug|Any CPU
		{314EB728-E683-49D8-B8A3-4DD6BBB1447B}.Release|Any CPU.ActiveCfg = Release|Any CPU
		{314EB728-E683-49D8-B8A3-4DD6BBB1447B}.Release|Any CPU.Build.0 = Release|Any CPU
	EndGlobalSection
	GlobalSection(SolutionProperties) = preSolution
		HideSolutionNode = FALSE
	EndGlobalSection
EndGlobal
