
Microsoft Visual Studio Solution File, Format Version 10.00
# Visual Studio 2008
Project("{FAE04EC0-301F-11D3-BF4B-00C04F79EFBC}") = "Server", "Server\Server.csproj", "{18F1E7DF-D978-478A-A434-EB8C9555E034}"
EndProject
Project("{FAE04EC0-301F-11D3-BF4B-00C04F79EFBC}") = "Client", "Client\Client.csproj", "{995C1409-9606-4EE1-A54D-CB1822B1009E}"
EndProject
Global
	GlobalSection(SolutionConfigurationPlatforms) = preSolution
		Debug|Any CPU = Debug|Any CPU
		Release|Any CPU = Release|Any CPU
	EndGlobalSection
	GlobalSection(ProjectConfigurationPlatforms) = postSolution
		{18F1E7DF-D978-478A-A434-EB8C9555E034}.Debug|Any CPU.ActiveCfg = Debug|Any CPU
		{18F1E7DF-D978-478A-A434-EB8C9555E034}.Debug|Any CPU.Build.0 = Debug|Any CPU
		{18F1E7DF-D978-478A-A434-EB8C9555E034}.Release|Any CPU.ActiveCfg = Release|Any CPU
		{18F1E7DF-D978-478A-A434-EB8C9555E034}.Release|Any CPU.Build.0 = Release|Any CPU
		{995C1409-9606-4EE1-A54D-CB1822B1009E}.Debug|Any CPU.ActiveCfg = Debug|Any CPU
		{995C1409-9606-4EE1-A54D-CB1822B1009E}.Debug|Any CPU.Build.0 = Debug|Any CPU
		{995C1409-9606-4EE1-A54D-CB1822B1009E}.Release|Any CPU.ActiveCfg = Release|Any CPU
		{995C1409-9606-4EE1-A54D-CB1822B1009E}.Release|Any CPU.Build.0 = Release|Any CPU
	EndGlobalSection
	GlobalSection(SolutionProperties) = preSolution
		HideSolutionNode = FALSE
	EndGlobalSection
EndGlobal
