
Microsoft Visual Studio Solution File, Format Version 11.00
# Visual Studio 2010
Project("{FAE04EC0-301F-11D3-BF4B-00C04F79EFBC}") = "Client1", "Client1\Client1.csproj", "{552F203A-C55E-4FFD-AE93-6F2D2678EEB1}"
EndProject
Project("{FAE04EC0-301F-11D3-BF4B-00C04F79EFBC}") = "MyServer", "MyServer\MyServer.csproj", "{6944FD28-833C-4EC2-86C7-6EF3B277756E}"
EndProject
Project("{FAE04EC0-301F-11D3-BF4B-00C04F79EFBC}") = "MyContract", "MyContract\MyContract.csproj", "{AB092AD7-AED5-4C95-92D5-8736991E72D4}"
EndProject
Global
	GlobalSection(SolutionConfigurationPlatforms) = preSolution
		Debug|Any CPU = Debug|Any CPU
		Debug|Mixed Platforms = Debug|Mixed Platforms
		Debug|x86 = Debug|x86
		Release|Any CPU = Release|Any CPU
		Release|Mixed Platforms = Release|Mixed Platforms
		Release|x86 = Release|x86
	EndGlobalSection
	GlobalSection(ProjectConfigurationPlatforms) = postSolution
		{552F203A-C55E-4FFD-AE93-6F2D2678EEB1}.Debug|Any CPU.ActiveCfg = Debug|x86
		{552F203A-C55E-4FFD-AE93-6F2D2678EEB1}.Debug|Mixed Platforms.ActiveCfg = Debug|x86
		{552F203A-C55E-4FFD-AE93-6F2D2678EEB1}.Debug|Mixed Platforms.Build.0 = Debug|x86
		{552F203A-C55E-4FFD-AE93-6F2D2678EEB1}.Debug|x86.ActiveCfg = Debug|x86
		{552F203A-C55E-4FFD-AE93-6F2D2678EEB1}.Debug|x86.Build.0 = Debug|x86
		{552F203A-C55E-4FFD-AE93-6F2D2678EEB1}.Release|Any CPU.ActiveCfg = Release|x86
		{552F203A-C55E-4FFD-AE93-6F2D2678EEB1}.Release|Mixed Platforms.ActiveCfg = Release|x86
		{552F203A-C55E-4FFD-AE93-6F2D2678EEB1}.Release|Mixed Platforms.Build.0 = Release|x86
		{552F203A-C55E-4FFD-AE93-6F2D2678EEB1}.Release|x86.ActiveCfg = Release|x86
		{552F203A-C55E-4FFD-AE93-6F2D2678EEB1}.Release|x86.Build.0 = Release|x86
		{6944FD28-833C-4EC2-86C7-6EF3B277756E}.Debug|Any CPU.ActiveCfg = Debug|x86
		{6944FD28-833C-4EC2-86C7-6EF3B277756E}.Debug|Mixed Platforms.ActiveCfg = Debug|x86
		{6944FD28-833C-4EC2-86C7-6EF3B277756E}.Debug|Mixed Platforms.Build.0 = Debug|x86
		{6944FD28-833C-4EC2-86C7-6EF3B277756E}.Debug|x86.ActiveCfg = Debug|x86
		{6944FD28-833C-4EC2-86C7-6EF3B277756E}.Debug|x86.Build.0 = Debug|x86
		{6944FD28-833C-4EC2-86C7-6EF3B277756E}.Release|Any CPU.ActiveCfg = Release|x86
		{6944FD28-833C-4EC2-86C7-6EF3B277756E}.Release|Mixed Platforms.ActiveCfg = Release|x86
		{6944FD28-833C-4EC2-86C7-6EF3B277756E}.Release|Mixed Platforms.Build.0 = Release|x86
		{6944FD28-833C-4EC2-86C7-6EF3B277756E}.Release|x86.ActiveCfg = Release|x86
		{6944FD28-833C-4EC2-86C7-6EF3B277756E}.Release|x86.Build.0 = Release|x86
		{AB092AD7-AED5-4C95-92D5-8736991E72D4}.Debug|Any CPU.ActiveCfg = Debug|Any CPU
		{AB092AD7-AED5-4C95-92D5-8736991E72D4}.Debug|Any CPU.Build.0 = Debug|Any CPU
		{AB092AD7-AED5-4C95-92D5-8736991E72D4}.Debug|Mixed Platforms.ActiveCfg = Debug|Any CPU
		{AB092AD7-AED5-4C95-92D5-8736991E72D4}.Debug|Mixed Platforms.Build.0 = Debug|Any CPU
		{AB092AD7-AED5-4C95-92D5-8736991E72D4}.Debug|x86.ActiveCfg = Debug|Any CPU
		{AB092AD7-AED5-4C95-92D5-8736991E72D4}.Release|Any CPU.ActiveCfg = Release|Any CPU
		{AB092AD7-AED5-4C95-92D5-8736991E72D4}.Release|Any CPU.Build.0 = Release|Any CPU
		{AB092AD7-AED5-4C95-92D5-8736991E72D4}.Release|Mixed Platforms.ActiveCfg = Release|Any CPU
		{AB092AD7-AED5-4C95-92D5-8736991E72D4}.Release|Mixed Platforms.Build.0 = Release|Any CPU
		{AB092AD7-AED5-4C95-92D5-8736991E72D4}.Release|x86.ActiveCfg = Release|Any CPU
	EndGlobalSection
	GlobalSection(SolutionProperties) = preSolution
		HideSolutionNode = FALSE
	EndGlobalSection
EndGlobal
