
Microsoft Visual Studio Solution File, Format Version 10.00
# Visual Studio 2008
Project("{FAE04EC0-301F-11D3-BF4B-00C04F79EFBC}") = "WCFHostManager", "WCFHostManager\WCFHostManager.csproj", "{8CFCF75E-35F0-4EFD-BC75-F14EC7B1A6AE}"
EndProject
Project("{FAE04EC0-301F-11D3-BF4B-00C04F79EFBC}") = "WCFHost", "WCFHost\WCFHost.csproj", "{18B285DA-27D9-4C11-B37F-38CA1146E0F5}"
EndProject
Global
	GlobalSection(SolutionConfigurationPlatforms) = preSolution
		Debug|Any CPU = Debug|Any CPU
		Release|Any CPU = Release|Any CPU
	EndGlobalSection
	GlobalSection(ProjectConfigurationPlatforms) = postSolution
		{8CFCF75E-35F0-4EFD-BC75-F14EC7B1A6AE}.Debug|Any CPU.ActiveCfg = Debug|Any CPU
		{8CFCF75E-35F0-4EFD-BC75-F14EC7B1A6AE}.Debug|Any CPU.Build.0 = Debug|Any CPU
		{8CFCF75E-35F0-4EFD-BC75-F14EC7B1A6AE}.Release|Any CPU.ActiveCfg = Release|Any CPU
		{8CFCF75E-35F0-4EFD-BC75-F14EC7B1A6AE}.Release|Any CPU.Build.0 = Release|Any CPU
		{18B285DA-27D9-4C11-B37F-38CA1146E0F5}.Debug|Any CPU.ActiveCfg = Debug|Any CPU
		{18B285DA-27D9-4C11-B37F-38CA1146E0F5}.Debug|Any CPU.Build.0 = Debug|Any CPU
		{18B285DA-27D9-4C11-B37F-38CA1146E0F5}.Release|Any CPU.ActiveCfg = Release|Any CPU
		{18B285DA-27D9-4C11-B37F-38CA1146E0F5}.Release|Any CPU.Build.0 = Release|Any CPU
	EndGlobalSection
	GlobalSection(SolutionProperties) = preSolution
		HideSolutionNode = FALSE
	EndGlobalSection
EndGlobal
